
Microsoft Visual Studio Solution File, Format Version 12.00
# Visual Studio 14
VisualStudioVersion = 14.0.25420.1
MinimumVisualStudioVersion = 10.0.40219.1
Project("{FAE04EC0-301F-11D3-BF4B-00C04F79EFBC}") = "ProductManagemet", "ProductManagemet\ProductManagemet.csproj", "{C123BBC6-4C35-407C-9840-65B53FCD175C}"
EndProject
Project("{FAE04EC0-301F-11D3-BF4B-00C04F79EFBC}") = "BLL", "BLL\BLL.csproj", "{CF6010B4-8F25-4ACA-939A-383ACB9162EB}"
EndProject
Project("{FAE04EC0-301F-11D3-BF4B-00C04F79EFBC}") = "DAL", "DAL\DAL.csproj", "{47E31F94-1E04-481A-9E1F-41C0E76D5DE3}"
EndProject
Project("{FAE04EC0-301F-11D3-BF4B-00C04F79EFBC}") = "Models", "Models\Models.csproj", "{A77EE8CD-1948-4546-8FEF-B5648D5E3A1D}"
EndProject
Project("{FAE04EC0-301F-11D3-BF4B-00C04F79EFBC}") = "Components", "Components\Components.csproj", "{83F9524D-271A-42D1-823B-C2BDE7DEFCCB}"
EndProject
Global
	GlobalSection(SolutionConfigurationPlatforms) = preSolution
		Debug|Any CPU = Debug|Any CPU
		Release|Any CPU = Release|Any CPU
	EndGlobalSection
	GlobalSection(ProjectConfigurationPlatforms) = postSolution
		{C123BBC6-4C35-407C-9840-65B53FCD175C}.Debug|Any CPU.ActiveCfg = Debug|Any CPU
		{C123BBC6-4C35-407C-9840-65B53FCD175C}.Debug|Any CPU.Build.0 = Debug|Any CPU
		{C123BBC6-4C35-407C-9840-65B53FCD175C}.Release|Any CPU.ActiveCfg = Release|Any CPU
		{C123BBC6-4C35-407C-9840-65B53FCD175C}.Release|Any CPU.Build.0 = Release|Any CPU
		{CF6010B4-8F25-4ACA-939A-383ACB9162EB}.Debug|Any CPU.ActiveCfg = Debug|Any CPU
		{CF6010B4-8F25-4ACA-939A-383ACB9162EB}.Debug|Any CPU.Build.0 = Debug|Any CPU
		{CF6010B4-8F25-4ACA-939A-383ACB9162EB}.Release|Any CPU.ActiveCfg = Release|Any CPU
		{CF6010B4-8F25-4ACA-939A-383ACB9162EB}.Release|Any CPU.Build.0 = Release|Any CPU
		{47E31F94-1E04-481A-9E1F-41C0E76D5DE3}.Debug|Any CPU.ActiveCfg = Debug|Any CPU
		{47E31F94-1E04-481A-9E1F-41C0E76D5DE3}.Debug|Any CPU.Build.0 = Debug|Any CPU
		{47E31F94-1E04-481A-9E1F-41C0E76D5DE3}.Release|Any CPU.ActiveCfg = Release|Any CPU
		{47E31F94-1E04-481A-9E1F-41C0E76D5DE3}.Release|Any CPU.Build.0 = Release|Any CPU
		{A77EE8CD-1948-4546-8FEF-B5648D5E3A1D}.Debug|Any CPU.ActiveCfg = Debug|Any CPU
		{A77EE8CD-1948-4546-8FEF-B5648D5E3A1D}.Debug|Any CPU.Build.0 = Debug|Any CPU
		{A77EE8CD-1948-4546-8FEF-B5648D5E3A1D}.Release|Any CPU.ActiveCfg = Release|Any CPU
		{A77EE8CD-1948-4546-8FEF-B5648D5E3A1D}.Release|Any CPU.Build.0 = Release|Any CPU
		{83F9524D-271A-42D1-823B-C2BDE7DEFCCB}.Debug|Any CPU.ActiveCfg = Debug|Any CPU
		{83F9524D-271A-42D1-823B-C2BDE7DEFCCB}.Debug|Any CPU.Build.0 = Debug|Any CPU
		{83F9524D-271A-42D1-823B-C2BDE7DEFCCB}.Release|Any CPU.ActiveCfg = Release|Any CPU
		{83F9524D-271A-42D1-823B-C2BDE7DEFCCB}.Release|Any CPU.Build.0 = Release|Any CPU
	EndGlobalSection
	GlobalSection(SolutionProperties) = preSolution
		HideSolutionNode = FALSE
	EndGlobalSection
EndGlobal
